
Microsoft Visual Studio Solution File, Format Version 12.00
Project("{FAE04EC0-301F-11D3-BF4B-00C04F79EFBC}") = "PortalAdm.Core", "PortalAdm.Core\PortalAdm.Core.csproj", "{C92DC6CA-AF86-44AD-9CD4-FE356D6562D3}"
EndProject
Project("{FAE04EC0-301F-11D3-BF4B-00C04F79EFBC}") = "PortalAdm.Infrastructure", "PortalAdm.Infrastructure\PortalAdm.Infrastructure.csproj", "{4431D305-1EA0-46D1-A9C9-C08AEAF60523}"
EndProject
Project("{FAE04EC0-301F-11D3-BF4B-00C04F79EFBC}") = "PortalAdm.SharedKernel", "PortalAdm.SharedKernel\PortalAdm.SharedKernel.csproj", "{82D7A3C6-1181-4D54-9FD9-26A454F81384}"
EndProject
Project("{FAE04EC0-301F-11D3-BF4B-00C04F79EFBC}") = "PortalAdm.Web", "PortalAdm.Web\PortalAdm.Web.csproj", "{3C4D6427-1543-413E-B1AF-548B81BFF0F9}"
EndProject
Global
	GlobalSection(SolutionConfigurationPlatforms) = preSolution
		Debug|Any CPU = Debug|Any CPU
		Release|Any CPU = Release|Any CPU
	EndGlobalSection
	GlobalSection(ProjectConfigurationPlatforms) = postSolution
		{C92DC6CA-AF86-44AD-9CD4-FE356D6562D3}.Debug|Any CPU.ActiveCfg = Debug|Any CPU
		{C92DC6CA-AF86-44AD-9CD4-FE356D6562D3}.Debug|Any CPU.Build.0 = Debug|Any CPU
		{C92DC6CA-AF86-44AD-9CD4-FE356D6562D3}.Release|Any CPU.ActiveCfg = Release|Any CPU
		{C92DC6CA-AF86-44AD-9CD4-FE356D6562D3}.Release|Any CPU.Build.0 = Release|Any CPU
		{4431D305-1EA0-46D1-A9C9-C08AEAF60523}.Debug|Any CPU.ActiveCfg = Debug|Any CPU
		{4431D305-1EA0-46D1-A9C9-C08AEAF60523}.Debug|Any CPU.Build.0 = Debug|Any CPU
		{4431D305-1EA0-46D1-A9C9-C08AEAF60523}.Release|Any CPU.ActiveCfg = Release|Any CPU
		{4431D305-1EA0-46D1-A9C9-C08AEAF60523}.Release|Any CPU.Build.0 = Release|Any CPU
		{82D7A3C6-1181-4D54-9FD9-26A454F81384}.Debug|Any CPU.ActiveCfg = Debug|Any CPU
		{82D7A3C6-1181-4D54-9FD9-26A454F81384}.Debug|Any CPU.Build.0 = Debug|Any CPU
		{82D7A3C6-1181-4D54-9FD9-26A454F81384}.Release|Any CPU.ActiveCfg = Release|Any CPU
		{82D7A3C6-1181-4D54-9FD9-26A454F81384}.Release|Any CPU.Build.0 = Release|Any CPU
		{3C4D6427-1543-413E-B1AF-548B81BFF0F9}.Debug|Any CPU.ActiveCfg = Debug|Any CPU
		{3C4D6427-1543-413E-B1AF-548B81BFF0F9}.Debug|Any CPU.Build.0 = Debug|Any CPU
		{3C4D6427-1543-413E-B1AF-548B81BFF0F9}.Release|Any CPU.ActiveCfg = Release|Any CPU
		{3C4D6427-1543-413E-B1AF-548B81BFF0F9}.Release|Any CPU.Build.0 = Release|Any CPU
	EndGlobalSection
EndGlobal
